
Microsoft Visual Studio Solution File, Format Version 12.00
# Visual Studio Version 17
VisualStudioVersion = 17.5.33530.505
MinimumVisualStudioVersion = 10.0.40219.1
Project("{9A19103F-16F7-4668-BE54-9A1E7A4F7556}") = "RealWordUnitTest.Web", "RealWordUnitTest.Web\RealWordUnitTest.Web.csproj", "{F1C6C045-8724-45F1-AA9D-FC848AF30E1B}"
EndProject
Project("{FAE04EC0-301F-11D3-BF4B-00C04F79EFBC}") = "RealWordUnitTest.Test", "RealWordUnitTest.Test\RealWordUnitTest.Test.csproj", "{9406CA9F-EF71-4558-8A8A-C2E442BBB578}"
EndProject
Global
	GlobalSection(SolutionConfigurationPlatforms) = preSolution
		Debug|Any CPU = Debug|Any CPU
		Release|Any CPU = Release|Any CPU
	EndGlobalSection
	GlobalSection(ProjectConfigurationPlatforms) = postSolution
		{F1C6C045-8724-45F1-AA9D-FC848AF30E1B}.Debug|Any CPU.ActiveCfg = Debug|Any CPU
		{F1C6C045-8724-45F1-AA9D-FC848AF30E1B}.Debug|Any CPU.Build.0 = Debug|Any CPU
		{F1C6C045-8724-45F1-AA9D-FC848AF30E1B}.Release|Any CPU.ActiveCfg = Release|Any CPU
		{F1C6C045-8724-45F1-AA9D-FC848AF30E1B}.Release|Any CPU.Build.0 = Release|Any CPU
		{9406CA9F-EF71-4558-8A8A-C2E442BBB578}.Debug|Any CPU.ActiveCfg = Debug|Any CPU
		{9406CA9F-EF71-4558-8A8A-C2E442BBB578}.Debug|Any CPU.Build.0 = Debug|Any CPU
		{9406CA9F-EF71-4558-8A8A-C2E442BBB578}.Release|Any CPU.ActiveCfg = Release|Any CPU
		{9406CA9F-EF71-4558-8A8A-C2E442BBB578}.Release|Any CPU.Build.0 = Release|Any CPU
	EndGlobalSection
	GlobalSection(SolutionProperties) = preSolution
		HideSolutionNode = FALSE
	EndGlobalSection
	GlobalSection(ExtensibilityGlobals) = postSolution
		SolutionGuid = {45998FBE-EFDE-46BB-AA97-75B39D513BE4}
	EndGlobalSection
EndGlobal
